
Microsoft Visual Studio Solution File, Format Version 12.00
# Visual Studio Version 16
VisualStudioVersion = 16.0.28803.156
MinimumVisualStudioVersion = 10.0.40219.1
Project("{8BC9CEB8-8B4A-11D0-8D11-00A0C91BC942}") = "GameOver", "GameOver\GameOver.vcxproj", "{2D33BB9C-A7F7-435A-BEEA-A543D663C781}"
EndProject
Project("{8BC9CEB8-8B4A-11D0-8D11-00A0C91BC942}") = "factorial", "factorial\factorial.vcxproj", "{E45D88A8-A1E5-4C4B-9938-2E92E0AC7072}"
EndProject
Project("{8BC9CEB8-8B4A-11D0-8D11-00A0C91BC942}") = "PrimeNumber", "PrimeNumber\PrimeNumber.vcxproj", "{CBF2F32C-3E2B-417D-8436-3D4F4BDBB233}"
EndProject
Project("{8BC9CEB8-8B4A-11D0-8D11-00A0C91BC942}") = "Roulette", "Ruoulette\Ruoulette.vcxproj", "{4F6CE2DC-A00E-4626-B60B-919D9B1BB347}"
EndProject
Project("{8BC9CEB8-8B4A-11D0-8D11-00A0C91BC942}") = "FindPixel", "FindPixel\FindPixel.vcxproj", "{BD26D3C3-A7DC-4DA3-B9AA-4D14C27A96E4}"
EndProject
Project("{8BC9CEB8-8B4A-11D0-8D11-00A0C91BC942}") = "Ranking", "Ranking\Ranking.vcxproj", "{4296F6B7-218E-4D6D-92EB-2D854036909B}"
EndProject
Project("{8BC9CEB8-8B4A-11D0-8D11-00A0C91BC942}") = "Structure", "Structure\Structure.vcxproj", "{4FF19678-E145-4AE1-BD95-C1F93957BB25}"
EndProject
Project("{8BC9CEB8-8B4A-11D0-8D11-00A0C91BC942}") = "Complex", "Complex\Complex.vcxproj", "{C3EBE45A-E521-433E-AA15-0C34AA6C618E}"
EndProject
Global
	GlobalSection(SolutionConfigurationPlatforms) = preSolution
		Debug|x64 = Debug|x64
		Debug|x86 = Debug|x86
		Release|x64 = Release|x64
		Release|x86 = Release|x86
	EndGlobalSection
	GlobalSection(ProjectConfigurationPlatforms) = postSolution
		{2D33BB9C-A7F7-435A-BEEA-A543D663C781}.Debug|x64.ActiveCfg = Debug|x64
		{2D33BB9C-A7F7-435A-BEEA-A543D663C781}.Debug|x64.Build.0 = Debug|x64
		{2D33BB9C-A7F7-435A-BEEA-A543D663C781}.Debug|x86.ActiveCfg = Debug|Win32
		{2D33BB9C-A7F7-435A-BEEA-A543D663C781}.Debug|x86.Build.0 = Debug|Win32
		{2D33BB9C-A7F7-435A-BEEA-A543D663C781}.Release|x64.ActiveCfg = Release|x64
		{2D33BB9C-A7F7-435A-BEEA-A543D663C781}.Release|x64.Build.0 = Release|x64
		{2D33BB9C-A7F7-435A-BEEA-A543D663C781}.Release|x86.ActiveCfg = Release|Win32
		{2D33BB9C-A7F7-435A-BEEA-A543D663C781}.Release|x86.Build.0 = Release|Win32
		{E45D88A8-A1E5-4C4B-9938-2E92E0AC7072}.Debug|x64.ActiveCfg = Debug|x64
		{E45D88A8-A1E5-4C4B-9938-2E92E0AC7072}.Debug|x64.Build.0 = Debug|x64
		{E45D88A8-A1E5-4C4B-9938-2E92E0AC7072}.Debug|x86.ActiveCfg = Debug|Win32
		{E45D88A8-A1E5-4C4B-9938-2E92E0AC7072}.Debug|x86.Build.0 = Debug|Win32
		{E45D88A8-A1E5-4C4B-9938-2E92E0AC7072}.Release|x64.ActiveCfg = Release|x64
		{E45D88A8-A1E5-4C4B-9938-2E92E0AC7072}.Release|x64.Build.0 = Release|x64
		{E45D88A8-A1E5-4C4B-9938-2E92E0AC7072}.Release|x86.ActiveCfg = Release|Win32
		{E45D88A8-A1E5-4C4B-9938-2E92E0AC7072}.Release|x86.Build.0 = Release|Win32
		{CBF2F32C-3E2B-417D-8436-3D4F4BDBB233}.Debug|x64.ActiveCfg = Debug|x64
		{CBF2F32C-3E2B-417D-8436-3D4F4BDBB233}.Debug|x64.Build.0 = Debug|x64
		{CBF2F32C-3E2B-417D-8436-3D4F4BDBB233}.Debug|x86.ActiveCfg = Debug|Win32
		{CBF2F32C-3E2B-417D-8436-3D4F4BDBB233}.Debug|x86.Build.0 = Debug|Win32
		{CBF2F32C-3E2B-417D-8436-3D4F4BDBB233}.Release|x64.ActiveCfg = Release|x64
		{CBF2F32C-3E2B-417D-8436-3D4F4BDBB233}.Release|x64.Build.0 = Release|x64
		{CBF2F32C-3E2B-417D-8436-3D4F4BDBB233}.Release|x86.ActiveCfg = Release|Win32
		{CBF2F32C-3E2B-417D-8436-3D4F4BDBB233}.Release|x86.Build.0 = Release|Win32
		{4F6CE2DC-A00E-4626-B60B-919D9B1BB347}.Debug|x64.ActiveCfg = Debug|x64
		{4F6CE2DC-A00E-4626-B60B-919D9B1BB347}.Debug|x64.Build.0 = Debug|x64
		{4F6CE2DC-A00E-4626-B60B-919D9B1BB347}.Debug|x86.ActiveCfg = Debug|Win32
		{4F6CE2DC-A00E-4626-B60B-919D9B1BB347}.Debug|x86.Build.0 = Debug|Win32
		{4F6CE2DC-A00E-4626-B60B-919D9B1BB347}.Release|x64.ActiveCfg = Release|x64
		{4F6CE2DC-A00E-4626-B60B-919D9B1BB347}.Release|x64.Build.0 = Release|x64
		{4F6CE2DC-A00E-4626-B60B-919D9B1BB347}.Release|x86.ActiveCfg = Release|Win32
		{4F6CE2DC-A00E-4626-B60B-919D9B1BB347}.Release|x86.Build.0 = Release|Win32
		{BD26D3C3-A7DC-4DA3-B9AA-4D14C27A96E4}.Debug|x64.ActiveCfg = Debug|x64
		{BD26D3C3-A7DC-4DA3-B9AA-4D14C27A96E4}.Debug|x64.Build.0 = Debug|x64
		{BD26D3C3-A7DC-4DA3-B9AA-4D14C27A96E4}.Debug|x86.ActiveCfg = Debug|Win32
		{BD26D3C3-A7DC-4DA3-B9AA-4D14C27A96E4}.Debug|x86.Build.0 = Debug|Win32
		{BD26D3C3-A7DC-4DA3-B9AA-4D14C27A96E4}.Release|x64.ActiveCfg = Release|x64
		{BD26D3C3-A7DC-4DA3-B9AA-4D14C27A96E4}.Release|x64.Build.0 = Release|x64
		{BD26D3C3-A7DC-4DA3-B9AA-4D14C27A96E4}.Release|x86.ActiveCfg = Release|Win32
		{BD26D3C3-A7DC-4DA3-B9AA-4D14C27A96E4}.Release|x86.Build.0 = Release|Win32
		{4296F6B7-218E-4D6D-92EB-2D854036909B}.Debug|x64.ActiveCfg = Debug|x64
		{4296F6B7-218E-4D6D-92EB-2D854036909B}.Debug|x64.Build.0 = Debug|x64
		{4296F6B7-218E-4D6D-92EB-2D854036909B}.Debug|x86.ActiveCfg = Debug|Win32
		{4296F6B7-218E-4D6D-92EB-2D854036909B}.Debug|x86.Build.0 = Debug|Win32
		{4296F6B7-218E-4D6D-92EB-2D854036909B}.Release|x64.ActiveCfg = Release|x64
		{4296F6B7-218E-4D6D-92EB-2D854036909B}.Release|x64.Build.0 = Release|x64
		{4296F6B7-218E-4D6D-92EB-2D854036909B}.Release|x86.ActiveCfg = Release|Win32
		{4296F6B7-218E-4D6D-92EB-2D854036909B}.Release|x86.Build.0 = Release|Win32
		{4FF19678-E145-4AE1-BD95-C1F93957BB25}.Debug|x64.ActiveCfg = Debug|x64
		{4FF19678-E145-4AE1-BD95-C1F93957BB25}.Debug|x64.Build.0 = Debug|x64
		{4FF19678-E145-4AE1-BD95-C1F93957BB25}.Debug|x86.ActiveCfg = Debug|Win32
		{4FF19678-E145-4AE1-BD95-C1F93957BB25}.Debug|x86.Build.0 = Debug|Win32
		{4FF19678-E145-4AE1-BD95-C1F93957BB25}.Release|x64.ActiveCfg = Release|x64
		{4FF19678-E145-4AE1-BD95-C1F93957BB25}.Release|x64.Build.0 = Release|x64
		{4FF19678-E145-4AE1-BD95-C1F93957BB25}.Release|x86.ActiveCfg = Release|Win32
		{4FF19678-E145-4AE1-BD95-C1F93957BB25}.Release|x86.Build.0 = Release|Win32
		{C3EBE45A-E521-433E-AA15-0C34AA6C618E}.Debug|x64.ActiveCfg = Debug|x64
		{C3EBE45A-E521-433E-AA15-0C34AA6C618E}.Debug|x64.Build.0 = Debug|x64
		{C3EBE45A-E521-433E-AA15-0C34AA6C618E}.Debug|x86.ActiveCfg = Debug|Win32
		{C3EBE45A-E521-433E-AA15-0C34AA6C618E}.Debug|x86.Build.0 = Debug|Win32
		{C3EBE45A-E521-433E-AA15-0C34AA6C618E}.Release|x64.ActiveCfg = Release|x64
		{C3EBE45A-E521-433E-AA15-0C34AA6C618E}.Release|x64.Build.0 = Release|x64
		{C3EBE45A-E521-433E-AA15-0C34AA6C618E}.Release|x86.ActiveCfg = Release|Win32
		{C3EBE45A-E521-433E-AA15-0C34AA6C618E}.Release|x86.Build.0 = Release|Win32
	EndGlobalSection
	GlobalSection(SolutionProperties) = preSolution
		HideSolutionNode = FALSE
	EndGlobalSection
	GlobalSection(ExtensibilityGlobals) = postSolution
		SolutionGuid = {3A112B10-E55A-48E2-9830-263A18B435B5}
	EndGlobalSection
EndGlobal
